#MicroXplorer Configuration settings - do not modify
Mcu.Family=STM32F4
NVIC.USART3_IRQn=true\:0\:0\:false\:true\:true\:1\:true\:true
ProjectManager.MainLocation=Core/Src
RCC.CortexFreq_Value=16000000
ProjectManager.KeepUserCode=true
Mcu.UserName=STM32F429ZITx
TIM1.RepetitionCounter=0
TIM1.IPParameters=Prescaler,Period,RepetitionCounter,Channel-PWM Generation3 CH3,Channel-PWM Generation2 CH2,Channel-PWM Generation1 CH1
RCC.PLLCLKFreq_Value=96000000
RCC.PLLQCLKFreq_Value=48000000
ProjectManager.functionlistsort=1-MX_GPIO_Init-GPIO-false-HAL-true,2-SystemClock_Config-RCC-false-HAL-false,3-MX_USART3_UART_Init-USART3-false-HAL-true,4-MX_ADC3_Init-ADC3-false-HAL-true,5-MX_TIM1_Init-TIM1-false-HAL-true,6-MX_TIM3_Init-TIM3-false-HAL-true,7-MX_TIM4_Init-TIM4-false-HAL-true
PD8.Locked=true
PC3.Locked=true
RCC.RTCFreq_Value=32000
PC14/OSC32_IN.Mode=LSE-External-Oscillator
SH.S_TIM1_CH3.ConfNb=1
SH.S_TIM1_CH1.ConfNb=1
SH.S_TIM4_CH4.ConfNb=1
PD9.Mode=Asynchronous
PinOutPanel.RotationAngle=0
ProjectManager.StackSize=0x400
Mcu.IP4=TIM1
Mcu.IP5=TIM3
NVIC.SVCall_IRQn=true\:0\:0\:false\:false\:true\:false\:false
Mcu.IP2=RCC
Mcu.IP3=SYS
Mcu.IP0=ADC3
Mcu.IP1=NVIC
TIM1.Prescaler=320-1
Mcu.UserConstants=
SH.S_TIM3_CH2.ConfNb=1
PF5.Locked=true
Mcu.ThirdPartyNb=0
PH0/OSC_IN.Mode=HSE-External-Clock-Source
SH.ADCx_IN3.0=ADC3_IN3,IN3
Mcu.IPNb=8
RCC.I2SClocksFreq_Value=96000000
ProjectManager.PreviousToolchain=
TIM3.Period=100-1
RCC.VcooutputI2S=96000000
PH1/OSC_OUT.Signal=RCC_OSC_OUT
SH.ADCx_IN3.ConfNb=1
PC3.Signal=ADCx_IN13
Mcu.Pin6=PH0/OSC_IN
PD8.Signal=USART3_TX
Mcu.Pin7=PH1/OSC_OUT
Mcu.Pin8=PC0
Mcu.Pin9=PC3
RCC.VCOSAIOutputFreq_Value=49000000
RCC.AHBFreq_Value=16000000
Mcu.Pin0=PC13
Mcu.Pin1=PC14/OSC32_IN
Mcu.Pin2=PC15/OSC32_OUT
Mcu.Pin3=PF3
Mcu.Pin4=PF5
Mcu.Pin5=PF10
ADC3.SamplingTime-1\#ChannelRegularConversion=ADC_SAMPLETIME_3CYCLES
ProjectManager.ProjectBuild=false
RCC.HSE_VALUE=25000000
TIM4.Channel-PWM\ Generation3\ CH3=TIM_CHANNEL_3
NVIC.UsageFault_IRQn=true\:0\:0\:false\:false\:true\:false\:false
NVIC.DebugMonitor_IRQn=true\:0\:0\:false\:false\:true\:false\:false
NVIC.SysTick_IRQn=true\:0\:0\:false\:false\:true\:false\:true
ProjectManager.FirmwarePackage=STM32Cube FW_F4 V1.26.1
MxDb.Version=DB.6.0.21
PE13.Signal=S_TIM1_CH3
ProjectManager.BackupPrevious=false
RCC.VCOInputFreq_Value=1000000
TIM1.Channel-PWM\ Generation1\ CH1=TIM_CHANNEL_1
PE9.Signal=S_TIM1_CH1
TIM3.Prescaler=320-1
File.Version=6
PF10.Locked=true
ADC3.IPParameters=Rank-1\#ChannelRegularConversion,Channel-1\#ChannelRegularConversion,SamplingTime-1\#ChannelRegularConversion,NbrOfConversionFlag
SH.ADCx_IN13.ConfNb=1
PB7.Signal=GPIO_Output
NVIC.PendSV_IRQn=true\:0\:0\:false\:false\:true\:false\:false
TIM4.Period=100-1
PF3.Signal=ADC3_IN9
PH1/OSC_OUT.Mode=HSE-External-Clock-Source
ProjectManager.HalAssertFull=false
PB0.Locked=true
VP_TIM1_VS_ClockSourceINT.Mode=Internal
ProjectManager.ProjectName=part3_01_led_blink
Mcu.Package=LQFP144
PC14/OSC32_IN.Signal=RCC_OSC32_IN
ProjectManager.ToolChainLocation=
RCC.LSI_VALUE=32000
VP_SYS_VS_Systick.Signal=SYS_VS_Systick
USART3.IPParameters=VirtualMode
PF5.Signal=ADC3_IN15
NVIC.BusFault_IRQn=true\:0\:0\:false\:false\:true\:false\:false
PF10.Mode=IN8
TIM1.Period=100-1
TIM4.Channel-PWM\ Generation4\ CH4=TIM_CHANNEL_4
PD15.Signal=S_TIM4_CH4
ProjectManager.CustomerFirmwarePackage=
VP_TIM3_VS_ClockSourceINT.Mode=Internal
PA3.Signal=ADCx_IN3
ProjectManager.ProjectFileName=part3_01_led_blink.ioc
SH.ADCx_IN13.0=ADC3_IN13,IN13
PF3.Mode=IN9
Mcu.PinsNb=26
ProjectManager.NoMain=false
PC13.Locked=true
SH.S_TIM4_CH4.0=TIM4_CH4,PWM Generation4 CH4
PC13.Signal=GPIO_Input
ProjectManager.DefaultFWLocation=true
RCC.VCOSAIOutputFreq_ValueQ=12250000
PD9.Signal=USART3_RX
RCC.VCOSAIOutputFreq_ValueR=24500000
ProjectManager.DeletePrevious=true
PB14.Locked=true
PC0.Signal=ADCx_IN10
PF5.Mode=IN15
RCC.FamilyName=M
SH.S_TIM1_CH1.0=TIM1_CH1,PWM Generation1 CH1
VP_TIM4_VS_ClockSourceINT.Signal=TIM4_VS_ClockSourceINT
ProjectManager.TargetToolchain=STM32CubeIDE
TIM4.IPParameters=Channel-PWM Generation3 CH3,Channel-PWM Generation4 CH4,Prescaler,Period
SH.S_TIM4_CH3.0=TIM4_CH3,PWM Generation3 CH3
VP_TIM1_VS_ClockSourceINT.Signal=TIM1_VS_ClockSourceINT
TIM1.Channel-PWM\ Generation2\ CH2=TIM_CHANNEL_2
RCC.VcooutputI2SQ=96000000
ProjectManager.RegisterCallBack=
VP_TIM3_VS_ClockSourceINT.Signal=TIM3_VS_ClockSourceINT
TIM4.Prescaler=320-1
PE11.Signal=S_TIM1_CH2
PD8.Mode=Asynchronous
SH.S_TIM1_CH2.ConfNb=1
SH.S_TIM4_CH3.ConfNb=1
RCC.VCOI2SOutputFreq_Value=192000000
PB14.Signal=GPIO_Output
SH.S_TIM3_CH2.0=TIM3_CH2,PWM Generation2 CH2
board=custom
RCC.VCOOutputFreq_Value=192000000
ProjectManager.LastFirmware=true
NVIC.TIM3_IRQn=true\:0\:0\:false\:false\:true\:true\:true
PH0/OSC_IN.Signal=RCC_OSC_IN
RCC.APB2Freq_Value=16000000
MxCube.Version=6.2.1
SH.S_TIM1_CH2.0=TIM1_CH2,PWM Generation2 CH2
PF10.Signal=ADC3_IN8
SH.ADCx_IN10.ConfNb=1
VP_SYS_VS_Systick.Mode=SysTick
TIM3.IPParameters=Channel-PWM Generation2 CH2,Prescaler,Period
NVIC.NonMaskableInt_IRQn=true\:0\:0\:false\:false\:true\:false\:false
ProjectManager.FreePins=false
RCC.IPParameters=AHBFreq_Value,APB1Freq_Value,APB2Freq_Value,CortexFreq_Value,FamilyName,HSE_VALUE,HSI_VALUE,I2SClocksFreq_Value,LSI_VALUE,PLLCLKFreq_Value,PLLQCLKFreq_Value,RTCFreq_Value,RTCHSEDivFreq_Value,SYSCLKFreq_VALUE,VCOI2SOutputFreq_Value,VCOInputFreq_Value,VCOOutputFreq_Value,VCOSAIOutputFreq_Value,VCOSAIOutputFreq_ValueQ,VCOSAIOutputFreq_ValueR,VcooutputI2S,VcooutputI2SQ
ProjectManager.AskForMigrate=true
Mcu.Name=STM32F429ZITx
ADC3.Channel-1\#ChannelRegularConversion=ADC_CHANNEL_9
RCC.RTCHSEDivFreq_Value=12500000
Mcu.Pin24=VP_TIM3_VS_ClockSourceINT
ProjectManager.UnderRoot=true
Mcu.Pin25=VP_TIM4_VS_ClockSourceINT
PD14.Signal=S_TIM4_CH3
Mcu.IP6=TIM4
Mcu.IP7=USART3
ProjectManager.CoupleFile=true
ADC3.Rank-1\#ChannelRegularConversion=1
RCC.SYSCLKFreq_VALUE=16000000
Mcu.Pin22=VP_SYS_VS_Systick
Mcu.Pin23=VP_TIM1_VS_ClockSourceINT
Mcu.Pin20=PD15
PA3.Locked=true
Mcu.Pin21=PB7
NVIC.ForceEnableDMAVector=true
KeepUserPlacement=false
USART3.VirtualMode=VM_ASYNC
NVIC.MemoryManagement_IRQn=true\:0\:0\:false\:false\:true\:false\:false
PC15/OSC32_OUT.Mode=LSE-External-Oscillator
ProjectManager.CompilerOptimize=6
SH.ADCx_IN10.0=ADC3_IN10,IN10
ProjectManager.HeapSize=0x200
Mcu.Pin15=PE13
NVIC.HardFault_IRQn=true\:0\:0\:false\:false\:true\:false\:false
Mcu.Pin16=PB14
Mcu.Pin13=PE9
Mcu.Pin14=PE11
SH.S_TIM1_CH3.0=TIM1_CH3,PWM Generation3 CH3
Mcu.Pin19=PD14
ProjectManager.ComputerToolchain=false
Mcu.Pin17=PD8
RCC.HSI_VALUE=16000000
Mcu.Pin18=PD9
VP_TIM4_VS_ClockSourceINT.Mode=Internal
NVIC.PriorityGroup=NVIC_PRIORITYGROUP_4
Mcu.Pin11=PA7
TIM3.Channel-PWM\ Generation2\ CH2=TIM_CHANNEL_2
Mcu.Pin12=PB0
Mcu.Pin10=PA3
TIM1.IPParametersWithoutCheck=RepetitionCounter
PB7.Locked=true
PF3.Locked=true
PC15/OSC32_OUT.Signal=RCC_OSC32_OUT
TIM1.Channel-PWM\ Generation3\ CH3=TIM_CHANNEL_3
PD9.Locked=true
RCC.APB1Freq_Value=16000000
ADC3.NbrOfConversionFlag=1
PB0.Signal=GPIO_Output
PC0.Locked=true
ProjectManager.DeviceId=STM32F429ZITx
ProjectManager.LibraryCopy=1
PA7.Signal=S_TIM3_CH2
isbadioc=false
