#MicroXplorer Configuration settings - do not modify
Mcu.Family=STM32F4
NVIC.USART3_IRQn=true\:0\:0\:false\:true\:true\:1\:true\:true
ProjectManager.MainLocation=Core/Src
ProjectManager.ProjectFileName=part3_01_led_blink.ioc
SH.ADCx_IN13.0=ADC3_IN13,IN13
RCC.CortexFreq_Value=16000000
PF3.Mode=IN9
ProjectManager.KeepUserCode=true
Mcu.UserName=STM32F429ZITx
Mcu.PinsNb=21
ProjectManager.NoMain=false
PC13.Locked=true
RCC.PLLCLKFreq_Value=96000000
PC13.Signal=GPXTI13
RCC.PLLQCLKFreq_Value=48000000
ProjectManager.functionlistsort=1-MX_GPIO_Init-GPIO-false-HAL-true,2-SystemClock_Config-RCC-false-HAL-false,3-MX_USART3_UART_Init-USART3-false-HAL-true,4-MX_ADC3_Init-ADC3-false-HAL-true,5-MX_TIM3_Init-TIM3-false-HAL-true,6-MX_I2C1_Init-I2C1-false-HAL-true
PD8.Locked=true
PC3.Locked=true
RCC.RTCFreq_Value=32000
ProjectManager.DefaultFWLocation=true
RCC.VCOSAIOutputFreq_ValueQ=12250000
PC14/OSC32_IN.Mode=LSE-External-Oscillator
PD9.Signal=USART3_RX
RCC.VCOSAIOutputFreq_ValueR=24500000
ProjectManager.DeletePrevious=true
PC0.Signal=ADCx_IN10
PB14.Locked=true
PD9.Mode=Asynchronous
PinOutPanel.RotationAngle=0
PF5.Mode=IN15
RCC.FamilyName=M
ProjectManager.StackSize=0x400
SH.GPXTI13.0=GPIO_EXTI13
Mcu.IP4=SYS
Mcu.IP5=TIM3
Mcu.IP2=NVIC
NVIC.SVCall_IRQn=true\:0\:0\:false\:false\:true\:false\:false
Mcu.IP3=RCC
Mcu.IP0=ADC3
Mcu.IP1=I2C1
Mcu.UserConstants=
SH.S_TIM3_CH2.ConfNb=1
ProjectManager.TargetToolchain=STM32CubeIDE
PF5.Locked=true
SH.GPXTI13.ConfNb=1
Mcu.ThirdPartyNb=0
PH0/OSC_IN.Mode=HSE-External-Clock-Source
SH.ADCx_IN3.0=ADC3_IN3,IN3
Mcu.IPNb=7
RCC.I2SClocksFreq_Value=96000000
ProjectManager.PreviousToolchain=
PB9.Mode=I2C
TIM3.Period=100-1
RCC.VcooutputI2S=96000000
RCC.VcooutputI2SQ=96000000
PB9.Locked=true
PH1/OSC_OUT.Signal=RCC_OSC_OUT
SH.ADCx_IN3.ConfNb=1
PC3.Signal=ADCx_IN13
Mcu.Pin6=PH0/OSC_IN
Mcu.Pin7=PH1/OSC_OUT
PD8.Signal=USART3_TX
ProjectManager.RegisterCallBack=
Mcu.Pin8=PC0
Mcu.Pin9=PC3
RCC.VCOSAIOutputFreq_Value=49000000
VP_TIM3_VS_ClockSourceINT.Signal=TIM3_VS_ClockSourceINT
PD8.Mode=Asynchronous
RCC.AHBFreq_Value=16000000
Mcu.Pin0=PC13
Mcu.Pin1=PC14/OSC32_IN
GPIO.groupedBy=Group By Peripherals
Mcu.Pin2=PC15/OSC32_OUT
Mcu.Pin3=PF3
Mcu.Pin4=PF5
NVIC.EXTI15_10_IRQn=true\:0\:0\:false\:true\:true\:2\:true\:true
RCC.VCOI2SOutputFreq_Value=192000000
Mcu.Pin5=PF10
PB14.Signal=GPIO_Output
ADC3.SamplingTime-1\#ChannelRegularConversion=ADC_SAMPLETIME_3CYCLES
ProjectManager.ProjectBuild=false
SH.S_TIM3_CH2.0=TIM3_CH2,PWM Generation2 CH2
RCC.HSE_VALUE=25000000
NVIC.UsageFault_IRQn=true\:0\:0\:false\:false\:true\:false\:false
NVIC.DebugMonitor_IRQn=true\:0\:0\:false\:false\:true\:false\:false
board=custom
RCC.VCOOutputFreq_Value=192000000
NVIC.SysTick_IRQn=true\:0\:0\:false\:false\:true\:false\:true
ProjectManager.LastFirmware=true
NVIC.TIM3_IRQn=true\:0\:0\:false\:false\:true\:true\:true
ProjectManager.FirmwarePackage=STM32Cube FW_F4 V1.26.1
PH0/OSC_IN.Signal=RCC_OSC_IN
MxDb.Version=DB.6.0.21
RCC.APB2Freq_Value=16000000
ProjectManager.BackupPrevious=false
MxCube.Version=6.2.1
RCC.VCOInputFreq_Value=1000000
PC13.GPIOParameters=GPIO_ModeDefaultEXTI
PF10.Signal=ADC3_IN8
TIM3.Prescaler=320-1
SH.ADCx_IN10.ConfNb=1
File.Version=6
VP_SYS_VS_Systick.Mode=SysTick
PF10.Locked=true
TIM3.IPParameters=Channel-PWM Generation2 CH2,Prescaler,Period
ADC3.IPParameters=Rank-1\#ChannelRegularConversion,Channel-1\#ChannelRegularConversion,SamplingTime-1\#ChannelRegularConversion,NbrOfConversionFlag
SH.ADCx_IN13.ConfNb=1
PB7.Signal=GPIO_Output
PB8.Locked=true
NVIC.NonMaskableInt_IRQn=true\:0\:0\:false\:false\:true\:false\:false
NVIC.PendSV_IRQn=true\:0\:0\:false\:false\:true\:false\:false
PF3.Signal=ADC3_IN9
ProjectManager.FreePins=false
RCC.IPParameters=AHBFreq_Value,APB1Freq_Value,APB2Freq_Value,CortexFreq_Value,FamilyName,HSE_VALUE,HSI_VALUE,I2SClocksFreq_Value,LSI_VALUE,PLLCLKFreq_Value,PLLQCLKFreq_Value,RTCFreq_Value,RTCHSEDivFreq_Value,SYSCLKFreq_VALUE,VCOI2SOutputFreq_Value,VCOInputFreq_Value,VCOOutputFreq_Value,VCOSAIOutputFreq_Value,VCOSAIOutputFreq_ValueQ,VCOSAIOutputFreq_ValueR,VcooutputI2S,VcooutputI2SQ
PH1/OSC_OUT.Mode=HSE-External-Clock-Source
ProjectManager.AskForMigrate=true
Mcu.Name=STM32F429ZITx
ADC3.Channel-1\#ChannelRegularConversion=ADC_CHANNEL_9
ProjectManager.HalAssertFull=false
PB0.Locked=true
RCC.RTCHSEDivFreq_Value=12500000
ProjectManager.ProjectName=part3_01_led_blink
ProjectManager.UnderRoot=true
Mcu.IP6=USART3
ProjectManager.CoupleFile=true
ADC3.Rank-1\#ChannelRegularConversion=1
RCC.SYSCLKFreq_VALUE=16000000
Mcu.Package=LQFP144
PB9.Signal=I2C1_SDA
Mcu.Pin20=VP_TIM3_VS_ClockSourceINT
PA3.Locked=true
NVIC.ForceEnableDMAVector=true
KeepUserPlacement=false
PC13.GPIO_ModeDefaultEXTI=GPIO_MODE_IT_RISING_FALLING
USART3.VirtualMode=VM_ASYNC
PC14/OSC32_IN.Signal=RCC_OSC32_IN
NVIC.MemoryManagement_IRQn=true\:0\:0\:false\:false\:true\:false\:false
PC15/OSC32_OUT.Mode=LSE-External-Oscillator
ProjectManager.CompilerOptimize=6
ProjectManager.ToolChainLocation=
RCC.LSI_VALUE=32000
VP_SYS_VS_Systick.Signal=SYS_VS_Systick
USART3.IPParameters=VirtualMode
SH.ADCx_IN10.0=ADC3_IN10,IN10
ProjectManager.HeapSize=0x200
Mcu.Pin15=PD9
NVIC.HardFault_IRQn=true\:0\:0\:false\:false\:true\:false\:false
Mcu.Pin16=PB7
Mcu.Pin13=PB14
Mcu.Pin14=PD8
Mcu.Pin19=VP_SYS_VS_Systick
ProjectManager.ComputerToolchain=false
Mcu.Pin17=PB8
RCC.HSI_VALUE=16000000
PF5.Signal=ADC3_IN15
Mcu.Pin18=PB9
NVIC.PriorityGroup=NVIC_PRIORITYGROUP_4
Mcu.Pin11=PA7
TIM3.Channel-PWM\ Generation2\ CH2=TIM_CHANNEL_2
Mcu.Pin12=PB0
PB8.Mode=I2C
Mcu.Pin10=PA3
PB7.Locked=true
PB8.Signal=I2C1_SCL
NVIC.BusFault_IRQn=true\:0\:0\:false\:false\:true\:false\:false
PF3.Locked=true
PC15/OSC32_OUT.Signal=RCC_OSC32_OUT
PF10.Mode=IN8
PD9.Locked=true
RCC.APB1Freq_Value=16000000
ADC3.NbrOfConversionFlag=1
PB0.Signal=GPIO_Output
ProjectManager.CustomerFirmwarePackage=
PC0.Locked=true
VP_TIM3_VS_ClockSourceINT.Mode=Internal
ProjectManager.DeviceId=STM32F429ZITx
ProjectManager.LibraryCopy=1
PA3.Signal=ADCx_IN3
PA7.Signal=S_TIM3_CH2
isbadioc=false
