#MicroXplorer Configuration settings - do not modify
Mcu.Family=STM32F4
NVIC.USART3_IRQn=true\:0\:0\:false\:true\:true\:1\:true\:true
ProjectManager.MainLocation=Core/Src
PD12.GPIO_Label=T4C1_PWM
SH.S_TIM4_CH2.ConfNb=1
RCC.CortexFreq_Value=16000000
ProjectManager.KeepUserCode=true
Mcu.UserName=STM32F429ZITx
VP_ADC1_TempSens_Input.Mode=IN-TempSens
ADC1.ContinuousConvMode=ENABLE
RCC.PLLCLKFreq_Value=96000000
PB14.GPIO_Label=LD3
RCC.PLLQCLKFreq_Value=48000000
ProjectManager.functionlistsort=1-MX_GPIO_Init-GPIO-false-HAL-true,2-MX_DMA_Init-DMA-false-HAL-true,3-SystemClock_Config-RCC-false-HAL-false,4-MX_ADC1_Init-ADC1-false-HAL-true,5-MX_TIM2_Init-TIM2-false-HAL-true,6-MX_TIM3_Init-TIM3-false-HAL-true,7-MX_TIM4_Init-TIM4-false-HAL-true,8-MX_USART3_UART_Init-USART3-false-HAL-true
PD8.Locked=true
RCC.RTCFreq_Value=32000
PA0/WKUP.Signal=S_TIM2_CH1_ETR
PB0.GPIO_Label=LD1
PA6.GPIO_Label=T3C1_BUZZER
PC14/OSC32_IN.Mode=LSE-External-Oscillator
TIM2.Channel-PWM\ Generation2\ CH2=TIM_CHANNEL_2
SH.S_TIM4_CH4.ConfNb=1
PD9.Mode=Asynchronous
PinOutPanel.RotationAngle=-180
ProjectManager.StackSize=0x400
PD13.Signal=S_TIM4_CH2
Mcu.IP4=SYS
Mcu.IP5=TIM2
Mcu.IP2=NVIC
NVIC.SVCall_IRQn=true\:0\:0\:false\:false\:true\:false\:false
NVIC.ADC_IRQn=true\:0\:0\:false\:true\:true\:2\:true\:true
Mcu.IP3=RCC
Mcu.IP0=ADC1
Mcu.IP1=DMA
PD15.GPIOParameters=GPIO_Label
Mcu.UserConstants=
Mcu.ThirdPartyNb=0
PH0/OSC_IN.Mode=HSE-External-Clock-Source
Mcu.IPNb=9
RCC.I2SClocksFreq_Value=96000000
TIM2.IPParameters=Prescaler,Period,Channel-PWM Generation1 CH1,Channel-PWM Generation2 CH2,Pulse-PWM Generation2 CH2,Pulse-PWM Generation1 CH1
ProjectManager.PreviousToolchain=
TIM3.Period=10000-1
Dma.ADC1.0.Direction=DMA_PERIPH_TO_MEMORY
RCC.VcooutputI2S=96000000
ADC1.InjNumberOfConversion=0
PH1/OSC_OUT.Signal=RCC_OSC_OUT
Mcu.Pin6=PA6
Mcu.Pin7=PB0
PD8.Signal=USART3_TX
VP_TIM2_VS_ClockSourceINT.Signal=TIM2_VS_ClockSourceINT
NVIC.DMA2_Stream0_IRQn=true\:0\:0\:false\:false\:true\:false\:true
Mcu.Pin8=PB14
Mcu.Pin9=PD8
RCC.VCOSAIOutputFreq_Value=49000000
Dma.ADC1.0.MemDataAlignment=DMA_MDATAALIGN_WORD
RCC.AHBFreq_Value=16000000
Mcu.Pin0=PC14/OSC32_IN
Mcu.Pin1=PC15/OSC32_OUT
TIM3.Channel-PWM\ Generation1\ CH1=TIM_CHANNEL_1
GPIO.groupedBy=Group By Peripherals
Mcu.Pin2=PH0/OSC_IN
Mcu.Pin3=PH1/OSC_OUT
Mcu.Pin4=PC0
Mcu.Pin5=PA0/WKUP
ADC1.Channel-0\#ChannelRegularConversion=ADC_CHANNEL_10
ProjectManager.ProjectBuild=false
RCC.HSE_VALUE=25000000
TIM4.Channel-PWM\ Generation3\ CH3=TIM_CHANNEL_3
NVIC.UsageFault_IRQn=true\:0\:0\:false\:false\:true\:false\:false
NVIC.DebugMonitor_IRQn=true\:0\:0\:false\:false\:true\:false\:false
NVIC.SysTick_IRQn=true\:0\:0\:false\:false\:true\:false\:true
ProjectManager.FirmwarePackage=STM32Cube FW_F4 V1.26.1
MxDb.Version=DB.6.0.21
PB0.GPIOParameters=GPIO_Label
ProjectManager.BackupPrevious=false
RCC.VCOInputFreq_Value=1000000
TIM3.Prescaler=16-1
Dma.ADC1.0.PeriphInc=DMA_PINC_DISABLE
NVIC.TIM2_IRQn=true\:0\:0\:false\:true\:true\:3\:true\:true
File.Version=6
SH.S_TIM4_CH2.0=TIM4_CH2,PWM Generation2 CH2
PB3.GPIOParameters=GPIO_Label
PB7.Signal=GPIO_Output
TIM2.Channel-PWM\ Generation1\ CH1=TIM_CHANNEL_1
NVIC.PendSV_IRQn=true\:0\:0\:false\:false\:true\:false\:false
SH.S_TIM3_CH1.0=TIM3_CH1,PWM Generation1 CH1
TIM4.Period=1000-1
PH1/OSC_OUT.Mode=HSE-External-Clock-Source
Dma.RequestsNb=1
ProjectManager.HalAssertFull=false
PB0.Locked=true
ADC1.SamplingTime-0\#ChannelRegularConversion=ADC_SAMPLETIME_144CYCLES
ProjectManager.ProjectName=part2_weekend_command_hex
PB7.GPIO_Label=LD2
PD13.GPIO_Label=T4C2_PWM
Mcu.Package=LQFP144
TIM2.Prescaler=16-1
PA6.Signal=S_TIM3_CH1
PC14/OSC32_IN.Signal=RCC_OSC32_IN
PD12.Signal=S_TIM4_CH1
ProjectManager.ToolChainLocation=
RCC.LSI_VALUE=32000
VP_SYS_VS_Systick.Signal=SYS_VS_Systick
USART3.IPParameters=VirtualMode
PB14.GPIOParameters=GPIO_Label
TIM2.Pulse-PWM\ Generation2\ CH2=544
SH.S_TIM4_CH1.0=TIM4_CH1,PWM Generation1 CH1
NVIC.BusFault_IRQn=true\:0\:0\:false\:false\:true\:false\:false
Dma.ADC1.0.FIFOMode=DMA_FIFOMODE_DISABLE
TIM4.Channel-PWM\ Generation4\ CH4=TIM_CHANNEL_4
Dma.Request0=ADC1
PD15.Signal=S_TIM4_CH4
ProjectManager.CustomerFirmwarePackage=
VP_TIM3_VS_ClockSourceINT.Mode=Internal
PB3.GPIO_Label=T2C1_SERVO1
PA6.GPIOParameters=GPIO_Label
TIM4.Channel-PWM\ Generation1\ CH1=TIM_CHANNEL_1
SH.S_TIM4_CH1.ConfNb=1
PA0/WKUP.GPIOParameters=GPIO_Label
ProjectManager.ProjectFileName=part2_weekend_command_hex.ioc
Dma.ADC1.0.Instance=DMA2_Stream0
PD15.GPIO_Label=T4C4_PWM
ADC1.Rank-0\#ChannelRegularConversion=1
Mcu.PinsNb=22
ProjectManager.NoMain=false
ADC1.IPParameters=Rank-0\#ChannelRegularConversion,master,Channel-0\#ChannelRegularConversion,SamplingTime-0\#ChannelRegularConversion,NbrOfConversionFlag,Rank-1\#ChannelRegularConversion,Channel-1\#ChannelRegularConversion,SamplingTime-1\#ChannelRegularConversion,NbrOfConversion,InjNumberOfConversion,ContinuousConvMode,DMAContinuousRequests
SH.S_TIM4_CH4.0=TIM4_CH4,PWM Generation4 CH4
PD13.GPIOParameters=GPIO_Label
ProjectManager.DefaultFWLocation=true
RCC.VCOSAIOutputFreq_ValueQ=12250000
PD9.Signal=USART3_RX
RCC.VCOSAIOutputFreq_ValueR=24500000
ProjectManager.DeletePrevious=true
PB14.Locked=true
PC0.Signal=ADCx_IN10
SH.S_TIM2_CH1_ETR.ConfNb=1
RCC.FamilyName=M
TIM2.Pulse-PWM\ Generation1\ CH1=544
SH.S_TIM2_CH2.0=TIM2_CH2,PWM Generation2 CH2
Dma.ADC1.0.PeriphDataAlignment=DMA_PDATAALIGN_WORD
TIM3.Pulse-PWM\ Generation1\ CH1=5000-1
PD12.GPIOParameters=GPIO_Label
VP_TIM4_VS_ClockSourceINT.Signal=TIM4_VS_ClockSourceINT
ProjectManager.TargetToolchain=STM32CubeIDE
TIM4.IPParameters=Channel-PWM Generation1 CH1,Channel-PWM Generation2 CH2,Channel-PWM Generation3 CH3,Channel-PWM Generation4 CH4,Prescaler,Period
Dma.ADC1.0.Mode=DMA_CIRCULAR
SH.S_TIM4_CH3.0=TIM4_CH3,PWM Generation3 CH3
PB7.GPIOParameters=GPIO_Label
Dma.ADC1.0.Priority=DMA_PRIORITY_LOW
ADC1.Channel-1\#ChannelRegularConversion=ADC_CHANNEL_TEMPSENSOR
SH.S_TIM2_CH2.ConfNb=1
RCC.VcooutputI2SQ=96000000
ProjectManager.RegisterCallBack=
VP_TIM3_VS_ClockSourceINT.Signal=TIM3_VS_ClockSourceINT
TIM4.Prescaler=16-1
PD8.Mode=Asynchronous
SH.S_TIM4_CH3.ConfNb=1
RCC.VCOI2SOutputFreq_Value=192000000
PB14.Signal=GPIO_Output
board=custom
RCC.VCOOutputFreq_Value=192000000
ProjectManager.LastFirmware=true
NVIC.TIM3_IRQn=true\:0\:0\:false\:true\:true\:4\:true\:true
Dma.ADC1.0.RequestParameters=Instance,Direction,PeriphInc,MemInc,PeriphDataAlignment,MemDataAlignment,Mode,Priority,FIFOMode
PH0/OSC_IN.Signal=RCC_OSC_IN
TIM4.Channel-PWM\ Generation2\ CH2=TIM_CHANNEL_2
RCC.APB2Freq_Value=16000000
MxCube.Version=6.2.1
VP_TIM2_VS_ClockSourceINT.Mode=Internal
VP_ADC1_TempSens_Input.Signal=ADC1_TempSens_Input
SH.ADCx_IN10.ConfNb=1
VP_SYS_VS_Systick.Mode=SysTick
TIM3.IPParameters=Channel-PWM Generation1 CH1,Prescaler,Period,Pulse-PWM Generation1 CH1
PA0/WKUP.GPIO_Label=T2C1_SERVO0
NVIC.NonMaskableInt_IRQn=true\:0\:0\:false\:false\:true\:false\:false
PD14.GPIO_Label=T4C3_PWM
ADC1.DMAContinuousRequests=ENABLE
TIM2.Period=20000-1
ADC1.NbrOfConversion=2
ProjectManager.FreePins=false
RCC.IPParameters=AHBFreq_Value,APB1Freq_Value,APB2Freq_Value,CortexFreq_Value,FamilyName,HSE_VALUE,HSI_VALUE,I2SClocksFreq_Value,LSI_VALUE,PLLCLKFreq_Value,PLLQCLKFreq_Value,RTCFreq_Value,RTCHSEDivFreq_Value,SYSCLKFreq_VALUE,VCOI2SOutputFreq_Value,VCOInputFreq_Value,VCOOutputFreq_Value,VCOSAIOutputFreq_Value,VCOSAIOutputFreq_ValueQ,VCOSAIOutputFreq_ValueR,VcooutputI2S,VcooutputI2SQ
ProjectManager.AskForMigrate=true
Mcu.Name=STM32F429ZITx
RCC.RTCHSEDivFreq_Value=12500000
ProjectManager.UnderRoot=true
Mcu.IP8=USART3
PD14.Signal=S_TIM4_CH3
Mcu.IP6=TIM3
Mcu.IP7=TIM4
ProjectManager.CoupleFile=true
PB3.Signal=S_TIM2_CH2
PD14.GPIOParameters=GPIO_Label
ADC1.SamplingTime-1\#ChannelRegularConversion=ADC_SAMPLETIME_144CYCLES
RCC.SYSCLKFreq_VALUE=16000000
Mcu.Pin20=VP_TIM3_VS_ClockSourceINT
ADC1.master=1
Mcu.Pin21=VP_TIM4_VS_ClockSourceINT
NVIC.ForceEnableDMAVector=true
KeepUserPlacement=false
USART3.VirtualMode=VM_ASYNC
NVIC.MemoryManagement_IRQn=true\:0\:0\:false\:false\:true\:false\:false
PC15/OSC32_OUT.Mode=LSE-External-Oscillator
ProjectManager.CompilerOptimize=6
ADC1.Rank-1\#ChannelRegularConversion=2
SH.S_TIM2_CH1_ETR.0=TIM2_CH1,PWM Generation1 CH1
Dma.ADC1.0.MemInc=DMA_MINC_ENABLE
SH.ADCx_IN10.0=ADC1_IN10,IN10
ProjectManager.HeapSize=0x200
Mcu.Pin15=PB3
NVIC.HardFault_IRQn=true\:0\:0\:false\:false\:true\:false\:false
Mcu.Pin16=PB7
Mcu.Pin13=PD14
Mcu.Pin14=PD15
Mcu.Pin19=VP_TIM2_VS_ClockSourceINT
SH.S_TIM3_CH1.ConfNb=1
ProjectManager.ComputerToolchain=false
Mcu.Pin17=VP_ADC1_TempSens_Input
RCC.HSI_VALUE=16000000
Mcu.Pin18=VP_SYS_VS_Systick
VP_TIM4_VS_ClockSourceINT.Mode=Internal
NVIC.PriorityGroup=NVIC_PRIORITYGROUP_4
ADC1.NbrOfConversionFlag=1
Mcu.Pin11=PD12
Mcu.Pin12=PD13
Mcu.Pin10=PD9
PB7.Locked=true
PC15/OSC32_OUT.Signal=RCC_OSC32_OUT
NVIC.TIM4_IRQn=true\:0\:0\:false\:true\:true\:5\:true\:true
PD9.Locked=true
RCC.APB1Freq_Value=16000000
PB0.Signal=GPIO_Output
ProjectManager.DeviceId=STM32F429ZITx
ProjectManager.LibraryCopy=1
isbadioc=false
