#MicroXplorer Configuration settings - do not modify
Mcu.Family=STM32F4
VP_RTC_VS_RTC_Activate.Signal=RTC_VS_RTC_Activate
NVIC.USART3_IRQn=true\:0\:0\:false\:true\:true\:1\:true\:true
ProjectManager.MainLocation=Core/Src
ProjectManager.ProjectFileName=part2_rtc_alarm.ioc
RCC.CortexFreq_Value=16000000
ProjectManager.KeepUserCode=true
Mcu.UserName=STM32F429ZITx
Mcu.PinsNb=11
ProjectManager.NoMain=false
RCC.PLLCLKFreq_Value=96000000
RCC.PLLQCLKFreq_Value=48000000
ProjectManager.functionlistsort=1-MX_GPIO_Init-GPIO-false-HAL-true,2-SystemClock_Config-RCC-false-HAL-false,3-MX_RTC_Init-RTC-false-HAL-true,4-MX_TIM2_Init-TIM2-false-HAL-true,5-MX_TIM3_Init-TIM3-false-HAL-true,6-MX_USART3_UART_Init-USART3-false-HAL-true
PD8.Locked=true
VP_RTC_VS_RTC_Activate.Mode=RTC_Enabled
RTC.WeekDay=RTC_WEEKDAY_THURSDAY
RCC.RTCFreq_Value=32000
PA0/WKUP.Signal=S_TIM2_CH1_ETR
ProjectManager.DefaultFWLocation=true
RCC.VCOSAIOutputFreq_ValueQ=12250000
PB0.GPIO_Label=T3C3_Buzzer
PD9.Signal=USART3_RX
PC14/OSC32_IN.Mode=LSE-External-Oscillator
VP_RTC_VS_RTC_Calendar.Signal=RTC_VS_RTC_Calendar
RCC.VCOSAIOutputFreq_ValueR=24500000
ProjectManager.DeletePrevious=true
SH.S_TIM3_CH3.0=TIM3_CH3,PWM Generation3 CH3
PD9.Mode=Asynchronous
SH.S_TIM2_CH1_ETR.ConfNb=1
PinOutPanel.RotationAngle=0
RCC.FamilyName=M
ProjectManager.StackSize=0x400
TIM2.Pulse-PWM\ Generation1\ CH1=100
Mcu.IP4=TIM2
TIM3.Channel-PWM\ Generation3\ CH3=TIM_CHANNEL_3
Mcu.IP5=TIM3
NVIC.SVCall_IRQn=true\:0\:0\:false\:false\:true\:false\:false
Mcu.IP2=RTC
Mcu.IP3=SYS
Mcu.IP0=NVIC
Mcu.IP1=RCC
Mcu.UserConstants=
ProjectManager.TargetToolchain=STM32CubeIDE
RTC.Year=20
SH.S_TIM3_CH3.ConfNb=1
Mcu.ThirdPartyNb=0
Mcu.IPNb=7
RCC.I2SClocksFreq_Value=96000000
TIM2.IPParameters=Prescaler,Period,AutoReloadPreload,Channel-PWM Generation1 CH1,Pulse-PWM Generation1 CH1
ProjectManager.PreviousToolchain=
TIM3.Period=10000-1
RCC.VcooutputI2S=96000000
RCC.VcooutputI2SQ=96000000
RTC.IPParameters=HourFormat,Hours,Year,WeekDay,Month,Date
Mcu.Pin6=VP_RTC_VS_RTC_Activate
PD8.Signal=USART3_TX
Mcu.Pin7=VP_RTC_VS_RTC_Calendar
VP_TIM2_VS_ClockSourceINT.Signal=TIM2_VS_ClockSourceINT
ProjectManager.RegisterCallBack=
Mcu.Pin8=VP_SYS_VS_Systick
Mcu.Pin9=VP_TIM2_VS_ClockSourceINT
RCC.VCOSAIOutputFreq_Value=49000000
VP_TIM3_VS_ClockSourceINT.Signal=TIM3_VS_ClockSourceINT
PD8.Mode=Asynchronous
RCC.AHBFreq_Value=16000000
Mcu.Pin0=PC14/OSC32_IN
Mcu.Pin1=PC15/OSC32_OUT
Mcu.Pin2=PA0/WKUP
Mcu.Pin3=PB0
Mcu.Pin4=PD8
RCC.VCOI2SOutputFreq_Value=192000000
Mcu.Pin5=PD9
TIM3.Pulse-PWM\ Generation3\ CH3=5000
ProjectManager.ProjectBuild=false
RCC.HSE_VALUE=25000000
NVIC.UsageFault_IRQn=true\:0\:0\:false\:false\:true\:false\:false
NVIC.DebugMonitor_IRQn=true\:0\:0\:false\:false\:true\:false\:false
board=custom
RCC.VCOOutputFreq_Value=192000000
NVIC.SysTick_IRQn=true\:0\:0\:false\:false\:true\:false\:true
ProjectManager.LastFirmware=true
NVIC.TIM3_IRQn=true\:0\:0\:false\:true\:true\:2\:true\:true
ProjectManager.FirmwarePackage=STM32Cube FW_F4 V1.26.1
MxDb.Version=DB.6.0.21
PB0.GPIOParameters=GPIO_Label
RCC.APB2Freq_Value=16000000
RTC.Month=RTC_MONTH_JUNE
ProjectManager.BackupPrevious=false
MxCube.Version=6.2.1
RCC.VCOInputFreq_Value=1000000
VP_TIM2_VS_ClockSourceINT.Mode=Internal
TIM3.Prescaler=16-1
NVIC.TIM2_IRQn=true\:0\:0\:false\:true\:true\:3\:true\:true
File.Version=6
VP_SYS_VS_Systick.Mode=SysTick
TIM3.IPParameters=Channel-PWM Generation3 CH3,Prescaler,Period,Pulse-PWM Generation3 CH3
NVIC.NonMaskableInt_IRQn=true\:0\:0\:false\:false\:true\:false\:false
TIM2.Channel-PWM\ Generation1\ CH1=TIM_CHANNEL_1
NVIC.PendSV_IRQn=true\:0\:0\:false\:false\:true\:false\:false
TIM2.Period=10000-1
ProjectManager.FreePins=false
RCC.IPParameters=AHBFreq_Value,APB1Freq_Value,APB2Freq_Value,CortexFreq_Value,FamilyName,HSE_VALUE,HSI_VALUE,I2SClocksFreq_Value,LSI_VALUE,PLLCLKFreq_Value,PLLQCLKFreq_Value,RTCFreq_Value,RTCHSEDivFreq_Value,SYSCLKFreq_VALUE,VCOI2SOutputFreq_Value,VCOInputFreq_Value,VCOOutputFreq_Value,VCOSAIOutputFreq_Value,VCOSAIOutputFreq_ValueQ,VCOSAIOutputFreq_ValueR,VcooutputI2S,VcooutputI2SQ
ProjectManager.AskForMigrate=true
Mcu.Name=STM32F429ZITx
ProjectManager.HalAssertFull=false
RCC.RTCHSEDivFreq_Value=12500000
ProjectManager.ProjectName=part2_rtc_alarm
ProjectManager.UnderRoot=true
Mcu.IP6=USART3
ProjectManager.CoupleFile=true
RCC.SYSCLKFreq_VALUE=16000000
RTC.Hours=12
Mcu.Package=LQFP144
TIM2.Prescaler=1600-1
NVIC.ForceEnableDMAVector=true
KeepUserPlacement=false
USART3.VirtualMode=VM_ASYNC
PC14/OSC32_IN.Signal=RCC_OSC32_IN
NVIC.MemoryManagement_IRQn=true\:0\:0\:false\:false\:true\:false\:false
PC15/OSC32_OUT.Mode=LSE-External-Oscillator
ProjectManager.CompilerOptimize=6
ProjectManager.ToolChainLocation=
RCC.LSI_VALUE=32000
VP_SYS_VS_Systick.Signal=SYS_VS_Systick
SH.S_TIM2_CH1_ETR.0=TIM2_CH1,PWM Generation1 CH1
USART3.IPParameters=VirtualMode
VP_RTC_VS_RTC_Calendar.Mode=RTC_Calendar
RTC.HourFormat=RTC_HOURFORMAT_12
ProjectManager.HeapSize=0x200
NVIC.HardFault_IRQn=true\:0\:0\:false\:false\:true\:false\:false
ProjectManager.ComputerToolchain=false
RCC.HSI_VALUE=16000000
NVIC.PriorityGroup=NVIC_PRIORITYGROUP_4
Mcu.Pin10=VP_TIM3_VS_ClockSourceINT
TIM2.AutoReloadPreload=TIM_AUTORELOAD_PRELOAD_ENABLE
NVIC.BusFault_IRQn=true\:0\:0\:false\:false\:true\:false\:false
PC15/OSC32_OUT.Signal=RCC_OSC32_OUT
PD9.Locked=true
RCC.APB1Freq_Value=16000000
PB0.Signal=S_TIM3_CH3
RTC.Date=17
ProjectManager.CustomerFirmwarePackage=
VP_TIM3_VS_ClockSourceINT.Mode=Internal
ProjectManager.DeviceId=STM32F429ZITx
ProjectManager.LibraryCopy=1
isbadioc=true
